<Solution>
  <Folder Name="/src/">
    <Project Path="src/Infrastructure/RemoteAgents.Infrastructure.csproj" />
    <Project Path="src/Domain/Flow/RemoteAgents.Domain.Flow.csproj" />
    <Project Path="src/Domain/Agents/RemoteAgents.Domain.Agents.csproj" />
    <Project Path="src/Domain/Git/RemoteAgents.Domain.Git.csproj" />
    <Project Path="src/Features/Flows/Contracts/RemoteAgents.Flows.Contracts.csproj" />
    <Project Path="src/Features/Flows/Shared/RemoteAgents.Flows.Shared.csproj" />
    <Project Path="src/Features/Flows/Start/RemoteAgents.Flows.Start.csproj" />
    <Project Path="src/Features/Flows/List/RemoteAgents.Flows.List.csproj" />
    <Project Path="src/Features/Flows/Get/RemoteAgents.Flows.Get.csproj" />
    <Project Path="src/Features/Flows/Cancel/RemoteAgents.Flows.Cancel.csproj" />
    <Project Path="src/Features/Flows/Watch/RemoteAgents.Flows.Watch.csproj" />
    <Project Path="src/Features/Flows/Catalog/RemoteAgents.Flows.Catalog.csproj" />
    <Project Path="src/Features/Flows/Module/RemoteAgents.Flows.Module.csproj" />
    <Project Path="src/Features/Git/Contracts/RemoteAgents.Git.Contracts.csproj" />
    <Project Path="src/Features/Git/PrList/RemoteAgents.Git.PrList.csproj" />
    <Project Path="src/Features/Git/PrOps/RemoteAgents.Git.PrOps.csproj" />
    <Project Path="src/Features/Git/Module/RemoteAgents.Git.Module.csproj" />
    <Project Path="src/Features/Tasks/Contracts/RemoteAgents.Tasks.Contracts.csproj" />
    <Project Path="src/Features/Tasks/Create/RemoteAgents.Tasks.Create.csproj" />
    <Project Path="src/Features/Tasks/Module/RemoteAgents.Tasks.Module.csproj" />
    <Project Path="src/Host/RemoteAgents.Host.csproj" />
  </Folder>
  <Folder Name="/tests/">
    <Project Path="tests/Harness/RemoteAgents.Tests.Harness.csproj" />
    <Project Path="tests/Tests/RemoteAgents.Tests.csproj" />
  </Folder>
</Solution>
